
Microsoft Visual Studio Solution File, Format Version 12.00
# Visual Studio Version 17
VisualStudioVersion = 17.0.31903.59
MinimumVisualStudioVersion = 10.0.40219.1
Project("{9A19103F-16F7-4668-BE54-9A1E7A4F7556}") = "dotnet-i18n-translate", "dotnet-i18n-translate\dotnet-i18n-translate.csproj", "{2E3B04C6-936A-401B-B223-E4E67A02CBAA}"
EndProject
Project("{2150E333-8FDC-42A3-9474-1A3956D46DE8}") = "Solution Items", "Solution Items", "{175C50AF-06D8-4810-A460-C44B237C09C1}"
	ProjectSection(SolutionItems) = preProject
		azuredevops\CreateExtension.cmd = azuredevops\CreateExtension.cmd
		azuredevops\readme.md = azuredevops\readme.md
		azuredevops\i18ntranslate\task.json = azuredevops\i18ntranslate\task.json
		azuredevops\i18ntranslate\translate.ps1 = azuredevops\i18ntranslate\translate.ps1
		azuredevops\vss-extension.json = azuredevops\vss-extension.json
	EndProjectSection
EndProject
Global
	GlobalSection(SolutionConfigurationPlatforms) = preSolution
		Debug|Any CPU = Debug|Any CPU
		Release|Any CPU = Release|Any CPU
	EndGlobalSection
	GlobalSection(ProjectConfigurationPlatforms) = postSolution
		{2E3B04C6-936A-401B-B223-E4E67A02CBAA}.Debug|Any CPU.ActiveCfg = Debug|Any CPU
		{2E3B04C6-936A-401B-B223-E4E67A02CBAA}.Debug|Any CPU.Build.0 = Debug|Any CPU
		{2E3B04C6-936A-401B-B223-E4E67A02CBAA}.Release|Any CPU.ActiveCfg = Release|Any CPU
		{2E3B04C6-936A-401B-B223-E4E67A02CBAA}.Release|Any CPU.Build.0 = Release|Any CPU
	EndGlobalSection
	GlobalSection(SolutionProperties) = preSolution
		HideSolutionNode = FALSE
	EndGlobalSection
	GlobalSection(ExtensibilityGlobals) = postSolution
		SolutionGuid = {231BC4E6-08A3-4523-831B-1DBCCDC5D4C9}
	EndGlobalSection
EndGlobal
